
Microsoft Visual Studio Solution File, Format Version 12.00
# Visual Studio Version 17
VisualStudioVersion = 17.4.33122.133
MinimumVisualStudioVersion = 10.0.40219.1
Project("{FAE04EC0-301F-11D3-BF4B-00C04F79EFBC}") = "Gestion_Ecole", "Gestion_Ecole.csproj", "{3127EAB8-E848-4A94-9DF1-3A67986D74C9}"
EndProject
Project("{2150E333-8FDC-42A3-9474-1A3956D46DE8}") = "Éléments de solution", "Éléments de solution", "{462A710A-14DD-4177-A9E2-FEFB3581F72B}"
	ProjectSection(SolutionItems) = preProject
		données.cs = données.cs
	EndProjectSection
EndProject
Global
	GlobalSection(SolutionConfigurationPlatforms) = preSolution
		Debug|Any CPU = Debug|Any CPU
		Release|Any CPU = Release|Any CPU
	EndGlobalSection
	GlobalSection(ProjectConfigurationPlatforms) = postSolution
		{3127EAB8-E848-4A94-9DF1-3A67986D74C9}.Debug|Any CPU.ActiveCfg = Debug|Any CPU
		{3127EAB8-E848-4A94-9DF1-3A67986D74C9}.Debug|Any CPU.Build.0 = Debug|Any CPU
		{3127EAB8-E848-4A94-9DF1-3A67986D74C9}.Release|Any CPU.ActiveCfg = Release|Any CPU
		{3127EAB8-E848-4A94-9DF1-3A67986D74C9}.Release|Any CPU.Build.0 = Release|Any CPU
	EndGlobalSection
	GlobalSection(SolutionProperties) = preSolution
		HideSolutionNode = FALSE
	EndGlobalSection
	GlobalSection(ExtensibilityGlobals) = postSolution
		SolutionGuid = {1D81E790-C9CD-4409-866F-9595849016A4}
	EndGlobalSection
EndGlobal
